
Microsoft Visual Studio Solution File, Format Version 12.00
# Visual Studio 15
VisualStudioVersion = 15.0.27130.2010
MinimumVisualStudioVersion = 10.0.40219.1
Project("{2150E333-8FDC-42A3-9474-1A3956D46DE8}") = "DTU", "DTU", "{198DF34C-6234-4718-ACD2-F43ADC18E1AD}"
EndProject
Project("{2150E333-8FDC-42A3-9474-1A3956D46DE8}") = "OPC", "OPC", "{7249EC9B-AFAC-46C3-9FAA-F079F6DBBB31}"
EndProject
Project("{2150E333-8FDC-42A3-9474-1A3956D46DE8}") = "WEB", "WEB", "{699E2474-072D-4DDF-AF9C-D79262705D43}"
EndProject
Project("{2150E333-8FDC-42A3-9474-1A3956D46DE8}") = "报警", "报警", "{92618D82-206E-4421-9364-C8576F8AE188}"
EndProject
Project("{2150E333-8FDC-42A3-9474-1A3956D46DE8}") = "基础框架", "基础框架", "{B6F76D55-D7DA-4AD6-BBCF-EDEEA0549295}"
EndProject
Project("{2150E333-8FDC-42A3-9474-1A3956D46DE8}") = "配置中心", "配置中心", "{464314AF-FF7E-4F7A-982B-BCEB29FFC917}"
	ProjectSection(SolutionItems) = preProject
		..\ConfCenter\物联网数据服务中心\Config.xml = ..\ConfCenter\物联网数据服务中心\Config.xml
	EndProjectSection
EndProject
Project("{2150E333-8FDC-42A3-9474-1A3956D46DE8}") = "项目", "项目", "{0350F27D-E3E4-4B8A-BF18-015696CB3275}"
EndProject
Project("{FAE04EC0-301F-11D3-BF4B-00C04F79EFBC}") = "DTUGenerator", "DTU\DTUGenerator\DTUGenerator.csproj", "{111CF313-BFFF-4180-81F4-40A8B9325A2F}"
EndProject
Project("{FAE04EC0-301F-11D3-BF4B-00C04F79EFBC}") = "DTUPumpDataService", "DTU\DTUPumpDataService\DTUPumpDataService.csproj", "{3EED428B-C4B3-40DB-B351-5A90BC375716}"
EndProject
Project("{FAE04EC0-301F-11D3-BF4B-00C04F79EFBC}") = "CityOPCDataService", "OPC\CityOPCDataService\CityOPCDataService.csproj", "{A95578C9-1AA0-4015-BC52-95866794C619}"
	ProjectSection(ProjectDependencies) = postProject
		{B8FF9B39-DAED-49C7-98B2-11429007098B} = {B8FF9B39-DAED-49C7-98B2-11429007098B}
		{7A7F159E-4C38-4D59-BC3B-C2107261F5C4} = {7A7F159E-4C38-4D59-BC3B-C2107261F5C4}
		{E4BB15E9-8E95-4993-B755-6DF6054B73F4} = {E4BB15E9-8E95-4993-B755-6DF6054B73F4}
	EndProjectSection
EndProject
Project("{FAE04EC0-301F-11D3-BF4B-00C04F79EFBC}") = "CityWEBDataService", "WEB\CityWEBDataService\CityWEBDataService.csproj", "{3649FAE8-B3B7-4422-BF82-D8AC3C951370}"
	ProjectSection(ProjectDependencies) = postProject
		{B8FF9B39-DAED-49C7-98B2-11429007098B} = {B8FF9B39-DAED-49C7-98B2-11429007098B}
		{E4BB15E9-8E95-4993-B755-6DF6054B73F4} = {E4BB15E9-8E95-4993-B755-6DF6054B73F4}
	EndProjectSection
EndProject
Project("{FAE04EC0-301F-11D3-BF4B-00C04F79EFBC}") = "CityIoTPumpAlarm", "Alarm\CityIoTPumpAlarm\CityIoTPumpAlarm.csproj", "{EDEEDDF9-2B5A-4E3E-8EEB-E5E6326020F7}"
	ProjectSection(ProjectDependencies) = postProject
		{B8FF9B39-DAED-49C7-98B2-11429007098B} = {B8FF9B39-DAED-49C7-98B2-11429007098B}
		{D31D2673-102D-44FA-B2B2-45DEB9F139E2} = {D31D2673-102D-44FA-B2B2-45DEB9F139E2}
		{7A7F159E-4C38-4D59-BC3B-C2107261F5C4} = {7A7F159E-4C38-4D59-BC3B-C2107261F5C4}
		{E4BB15E9-8E95-4993-B755-6DF6054B73F4} = {E4BB15E9-8E95-4993-B755-6DF6054B73F4}
	EndProjectSection
EndProject
Project("{2150E333-8FDC-42A3-9474-1A3956D46DE8}") = "成都邛崃", "成都邛崃", "{319471F1-3F5F-4E66-AA48-A59BC024BEF0}"
	ProjectSection(SolutionItems) = preProject
		..\ConfCenter\物联网数据服务中心\项目\成都邛崃\projectConfig.xml = ..\ConfCenter\物联网数据服务中心\项目\成都邛崃\projectConfig.xml
	EndProjectSection
EndProject
Project("{2150E333-8FDC-42A3-9474-1A3956D46DE8}") = "甘肃兰州", "甘肃兰州", "{C3A371D1-6CF7-473F-AF77-9FE9E50904F5}"
	ProjectSection(SolutionItems) = preProject
		..\ConfCenter\物联网数据服务中心\项目\甘肃兰州\projectConfig.xml = ..\ConfCenter\物联网数据服务中心\项目\甘肃兰州\projectConfig.xml
	EndProjectSection
EndProject
Project("{2150E333-8FDC-42A3-9474-1A3956D46DE8}") = "公司产品", "公司产品", "{BC8C0F31-8BC8-4389-8CED-43C5F45FE652}"
	ProjectSection(SolutionItems) = preProject
		..\ConfCenter\物联网数据服务中心\项目\公司产品\projectConfig.xml = ..\ConfCenter\物联网数据服务中心\项目\公司产品\projectConfig.xml
	EndProjectSection
EndProject
Project("{2150E333-8FDC-42A3-9474-1A3956D46DE8}") = "河北保定", "河北保定", "{67533149-4D2A-433B-A478-7DC0A6CE90A1}"
	ProjectSection(SolutionItems) = preProject
		..\ConfCenter\物联网数据服务中心\项目\河北保定\projectConfig.xml = ..\ConfCenter\物联网数据服务中心\项目\河北保定\projectConfig.xml
	EndProjectSection
EndProject
Project("{2150E333-8FDC-42A3-9474-1A3956D46DE8}") = "河北滦县", "河北滦县", "{1D2F121A-DDAE-41CA-9017-7A783E35C64B}"
	ProjectSection(SolutionItems) = preProject
		..\ConfCenter\物联网数据服务中心\项目\河北滦县\projectConfig.xml = ..\ConfCenter\物联网数据服务中心\项目\河北滦县\projectConfig.xml
	EndProjectSection
EndProject
Project("{2150E333-8FDC-42A3-9474-1A3956D46DE8}") = "江苏海安", "江苏海安", "{3D54241C-072F-44B4-867F-816FF3F02602}"
	ProjectSection(SolutionItems) = preProject
		..\ConfCenter\物联网数据服务中心\项目\江苏海安\projectConfig.xml = ..\ConfCenter\物联网数据服务中心\项目\江苏海安\projectConfig.xml
	EndProjectSection
EndProject
Project("{2150E333-8FDC-42A3-9474-1A3956D46DE8}") = "江西南昌", "江西南昌", "{06BD263E-FF23-4BA4-8E45-8FD5AE3FCF63}"
	ProjectSection(SolutionItems) = preProject
		..\ConfCenter\物联网数据服务中心\项目\江西南昌\projectConfig.xml = ..\ConfCenter\物联网数据服务中心\项目\江西南昌\projectConfig.xml
	EndProjectSection
EndProject
Project("{2150E333-8FDC-42A3-9474-1A3956D46DE8}") = "江西兴国", "江西兴国", "{E11CBFF2-4FC6-470A-AF6E-1CD29764AAAE}"
	ProjectSection(SolutionItems) = preProject
		..\ConfCenter\物联网数据服务中心\项目\江西兴国\projectConfig.xml = ..\ConfCenter\物联网数据服务中心\项目\江西兴国\projectConfig.xml
	EndProjectSection
EndProject
Project("{2150E333-8FDC-42A3-9474-1A3956D46DE8}") = "上海青浦", "上海青浦", "{AF1D52C0-7CEC-4492-A765-C60351F5DB11}"
	ProjectSection(SolutionItems) = preProject
		..\ConfCenter\物联网数据服务中心\项目\上海青浦\projectConfig.xml = ..\ConfCenter\物联网数据服务中心\项目\上海青浦\projectConfig.xml
	EndProjectSection
EndProject
Project("{2150E333-8FDC-42A3-9474-1A3956D46DE8}") = "驻马店汝南", "驻马店汝南", "{6E83052A-6E91-4902-A4E9-8433A1F016D3}"
	ProjectSection(SolutionItems) = preProject
		..\ConfCenter\物联网数据服务中心\项目\驻马店汝南\projectConfig.xml = ..\ConfCenter\物联网数据服务中心\项目\驻马店汝南\projectConfig.xml
	EndProjectSection
EndProject
Project("{2150E333-8FDC-42A3-9474-1A3956D46DE8}") = "特殊项目DEMO", "特殊项目DEMO", "{DF181AFB-FEC8-4085-A464-93560248EF0F}"
EndProject
Project("{FAE04EC0-301F-11D3-BF4B-00C04F79EFBC}") = "ProjectName", "Project\ProjectName\ProjectName.csproj", "{066A3887-E958-43BC-AB2C-5F8CAF18619B}"
	ProjectSection(ProjectDependencies) = postProject
		{D31D2673-102D-44FA-B2B2-45DEB9F139E2} = {D31D2673-102D-44FA-B2B2-45DEB9F139E2}
		{10A308B1-CCC6-4E83-9E60-0D4B67207DEF} = {10A308B1-CCC6-4E83-9E60-0D4B67207DEF}
		{E4BB15E9-8E95-4993-B755-6DF6054B73F4} = {E4BB15E9-8E95-4993-B755-6DF6054B73F4}
	EndProjectSection
EndProject
Project("{2150E333-8FDC-42A3-9474-1A3956D46DE8}") = "WCFInterface", "WCFInterface", "{BBFC4685-9620-433D-8BF6-B35C975DE9CD}"
EndProject
Project("{FAE04EC0-301F-11D3-BF4B-00C04F79EFBC}") = "CityIoTServiceManager", "WCFInterface\CityIoTServiceManager\CityIoTServiceManager.csproj", "{92E4E1E4-EADD-4996-B5B7-AC24B175D5B2}"
EndProject
Project("{FAE04EC0-301F-11D3-BF4B-00C04F79EFBC}") = "CityUtils", "Framework\CityUtils\CityUtils.csproj", "{E4BB15E9-8E95-4993-B755-6DF6054B73F4}"
EndProject
Project("{FAE04EC0-301F-11D3-BF4B-00C04F79EFBC}") = "CityPublicClassLib", "Framework\CityPublicClassLib\CityPublicClassLib.csproj", "{7A7F159E-4C38-4D59-BC3B-C2107261F5C4}"
EndProject
Project("{FAE04EC0-301F-11D3-BF4B-00C04F79EFBC}") = "CityFormControls", "Framework\CityFormControls\CityFormControls.csproj", "{55BAFC8F-CEF2-4BDF-BD88-8D1D43C1F84E}"
EndProject
Project("{FAE04EC0-301F-11D3-BF4B-00C04F79EFBC}") = "CityLogService", "Framework\CityLogService\CityLogService.csproj", "{B8FF9B39-DAED-49C7-98B2-11429007098B}"
	ProjectSection(ProjectDependencies) = postProject
		{7A7F159E-4C38-4D59-BC3B-C2107261F5C4} = {7A7F159E-4C38-4D59-BC3B-C2107261F5C4}
		{E4BB15E9-8E95-4993-B755-6DF6054B73F4} = {E4BB15E9-8E95-4993-B755-6DF6054B73F4}
	EndProjectSection
EndProject
Project("{FAE04EC0-301F-11D3-BF4B-00C04F79EFBC}") = "CityIoTCommand", "Framework\CityIoTCommand\CityIoTCommand.csproj", "{D31D2673-102D-44FA-B2B2-45DEB9F139E2}"
EndProject
Project("{FAE04EC0-301F-11D3-BF4B-00C04F79EFBC}") = "CityIoTCore", "Framework\CityIoTCore\CityIoTCore.csproj", "{10A308B1-CCC6-4E83-9E60-0D4B67207DEF}"
	ProjectSection(ProjectDependencies) = postProject
		{D31D2673-102D-44FA-B2B2-45DEB9F139E2} = {D31D2673-102D-44FA-B2B2-45DEB9F139E2}
		{7A7F159E-4C38-4D59-BC3B-C2107261F5C4} = {7A7F159E-4C38-4D59-BC3B-C2107261F5C4}
		{E4BB15E9-8E95-4993-B755-6DF6054B73F4} = {E4BB15E9-8E95-4993-B755-6DF6054B73F4}
		{EDEEDDF9-2B5A-4E3E-8EEB-E5E6326020F7} = {EDEEDDF9-2B5A-4E3E-8EEB-E5E6326020F7}
	EndProjectSection
EndProject
Project("{FAE04EC0-301F-11D3-BF4B-00C04F79EFBC}") = "CityIoTService", "Framework\CityIoTService\CityIoTService.csproj", "{F859F13A-CA67-4C5B-8CFE-552E42F4D653}"
	ProjectSection(ProjectDependencies) = postProject
		{10A308B1-CCC6-4E83-9E60-0D4B67207DEF} = {10A308B1-CCC6-4E83-9E60-0D4B67207DEF}
	EndProjectSection
EndProject
Project("{FAE04EC0-301F-11D3-BF4B-00C04F79EFBC}") = "CityIoTDispatchServer", "Framework\CityIoTDispatchServer\CityIoTDispatchServer.csproj", "{71152FCD-3FB5-4E58-A0B3-F1ECD4D71B44}"
	ProjectSection(ProjectDependencies) = postProject
		{F859F13A-CA67-4C5B-8CFE-552E42F4D653} = {F859F13A-CA67-4C5B-8CFE-552E42F4D653}
	EndProjectSection
EndProject
Project("{FAE04EC0-301F-11D3-BF4B-00C04F79EFBC}") = "TestDemo", "Framework\TestDemo\TestDemo.csproj", "{14BDB134-4CC4-436B-B818-124C30DFC96E}"
EndProject
Project("{FAE04EC0-301F-11D3-BF4B-00C04F79EFBC}") = "CityIoTServiceWatcher", "Framework\CityIoTServiceWatcher\CityIoTServiceWatcher.csproj", "{4F0C8D45-2F2E-4AE8-B2E3-9187996BEFA5}"
EndProject
Project("{2150E333-8FDC-42A3-9474-1A3956D46DE8}") = "西宁大通", "西宁大通", "{A8F1FB7D-48A7-46F6-B67B-91D2067CC5C2}"
	ProjectSection(SolutionItems) = preProject
		..\ConfCenter\物联网数据服务中心\项目\西宁大通\projectConfig.xml = ..\ConfCenter\物联网数据服务中心\项目\西宁大通\projectConfig.xml
	EndProjectSection
EndProject
Global
	GlobalSection(SolutionConfigurationPlatforms) = preSolution
		Debug|Any CPU = Debug|Any CPU
		Release|Any CPU = Release|Any CPU
	EndGlobalSection
	GlobalSection(ProjectConfigurationPlatforms) = postSolution
		{111CF313-BFFF-4180-81F4-40A8B9325A2F}.Debug|Any CPU.ActiveCfg = Debug|Any CPU
		{111CF313-BFFF-4180-81F4-40A8B9325A2F}.Debug|Any CPU.Build.0 = Debug|Any CPU
		{111CF313-BFFF-4180-81F4-40A8B9325A2F}.Release|Any CPU.ActiveCfg = Release|Any CPU
		{111CF313-BFFF-4180-81F4-40A8B9325A2F}.Release|Any CPU.Build.0 = Release|Any CPU
		{3EED428B-C4B3-40DB-B351-5A90BC375716}.Debug|Any CPU.ActiveCfg = Debug|Any CPU
		{3EED428B-C4B3-40DB-B351-5A90BC375716}.Debug|Any CPU.Build.0 = Debug|Any CPU
		{3EED428B-C4B3-40DB-B351-5A90BC375716}.Release|Any CPU.ActiveCfg = Release|Any CPU
		{3EED428B-C4B3-40DB-B351-5A90BC375716}.Release|Any CPU.Build.0 = Release|Any CPU
		{A95578C9-1AA0-4015-BC52-95866794C619}.Debug|Any CPU.ActiveCfg = Debug|Any CPU
		{A95578C9-1AA0-4015-BC52-95866794C619}.Debug|Any CPU.Build.0 = Debug|Any CPU
		{A95578C9-1AA0-4015-BC52-95866794C619}.Release|Any CPU.ActiveCfg = Release|Any CPU
		{A95578C9-1AA0-4015-BC52-95866794C619}.Release|Any CPU.Build.0 = Release|Any CPU
		{3649FAE8-B3B7-4422-BF82-D8AC3C951370}.Debug|Any CPU.ActiveCfg = Debug|Any CPU
		{3649FAE8-B3B7-4422-BF82-D8AC3C951370}.Debug|Any CPU.Build.0 = Debug|Any CPU
		{3649FAE8-B3B7-4422-BF82-D8AC3C951370}.Release|Any CPU.ActiveCfg = Release|Any CPU
		{3649FAE8-B3B7-4422-BF82-D8AC3C951370}.Release|Any CPU.Build.0 = Release|Any CPU
		{EDEEDDF9-2B5A-4E3E-8EEB-E5E6326020F7}.Debug|Any CPU.ActiveCfg = Debug|Any CPU
		{EDEEDDF9-2B5A-4E3E-8EEB-E5E6326020F7}.Debug|Any CPU.Build.0 = Debug|Any CPU
		{EDEEDDF9-2B5A-4E3E-8EEB-E5E6326020F7}.Release|Any CPU.ActiveCfg = Release|Any CPU
		{EDEEDDF9-2B5A-4E3E-8EEB-E5E6326020F7}.Release|Any CPU.Build.0 = Release|Any CPU
		{066A3887-E958-43BC-AB2C-5F8CAF18619B}.Debug|Any CPU.ActiveCfg = Debug|Any CPU
		{066A3887-E958-43BC-AB2C-5F8CAF18619B}.Debug|Any CPU.Build.0 = Debug|Any CPU
		{066A3887-E958-43BC-AB2C-5F8CAF18619B}.Release|Any CPU.ActiveCfg = Release|Any CPU
		{066A3887-E958-43BC-AB2C-5F8CAF18619B}.Release|Any CPU.Build.0 = Release|Any CPU
		{92E4E1E4-EADD-4996-B5B7-AC24B175D5B2}.Debug|Any CPU.ActiveCfg = Debug|Any CPU
		{92E4E1E4-EADD-4996-B5B7-AC24B175D5B2}.Debug|Any CPU.Build.0 = Debug|Any CPU
		{92E4E1E4-EADD-4996-B5B7-AC24B175D5B2}.Release|Any CPU.ActiveCfg = Release|Any CPU
		{92E4E1E4-EADD-4996-B5B7-AC24B175D5B2}.Release|Any CPU.Build.0 = Release|Any CPU
		{E4BB15E9-8E95-4993-B755-6DF6054B73F4}.Debug|Any CPU.ActiveCfg = Debug|Any CPU
		{E4BB15E9-8E95-4993-B755-6DF6054B73F4}.Debug|Any CPU.Build.0 = Debug|Any CPU
		{E4BB15E9-8E95-4993-B755-6DF6054B73F4}.Release|Any CPU.ActiveCfg = Release|Any CPU
		{E4BB15E9-8E95-4993-B755-6DF6054B73F4}.Release|Any CPU.Build.0 = Release|Any CPU
		{7A7F159E-4C38-4D59-BC3B-C2107261F5C4}.Debug|Any CPU.ActiveCfg = Debug|Any CPU
		{7A7F159E-4C38-4D59-BC3B-C2107261F5C4}.Debug|Any CPU.Build.0 = Debug|Any CPU
		{7A7F159E-4C38-4D59-BC3B-C2107261F5C4}.Release|Any CPU.ActiveCfg = Release|Any CPU
		{7A7F159E-4C38-4D59-BC3B-C2107261F5C4}.Release|Any CPU.Build.0 = Release|Any CPU
		{55BAFC8F-CEF2-4BDF-BD88-8D1D43C1F84E}.Debug|Any CPU.ActiveCfg = Debug|Any CPU
		{55BAFC8F-CEF2-4BDF-BD88-8D1D43C1F84E}.Debug|Any CPU.Build.0 = Debug|Any CPU
		{55BAFC8F-CEF2-4BDF-BD88-8D1D43C1F84E}.Release|Any CPU.ActiveCfg = Release|Any CPU
		{55BAFC8F-CEF2-4BDF-BD88-8D1D43C1F84E}.Release|Any CPU.Build.0 = Release|Any CPU
		{B8FF9B39-DAED-49C7-98B2-11429007098B}.Debug|Any CPU.ActiveCfg = Debug|Any CPU
		{B8FF9B39-DAED-49C7-98B2-11429007098B}.Debug|Any CPU.Build.0 = Debug|Any CPU
		{B8FF9B39-DAED-49C7-98B2-11429007098B}.Release|Any CPU.ActiveCfg = Release|Any CPU
		{B8FF9B39-DAED-49C7-98B2-11429007098B}.Release|Any CPU.Build.0 = Release|Any CPU
		{D31D2673-102D-44FA-B2B2-45DEB9F139E2}.Debug|Any CPU.ActiveCfg = Debug|Any CPU
		{D31D2673-102D-44FA-B2B2-45DEB9F139E2}.Debug|Any CPU.Build.0 = Debug|Any CPU
		{D31D2673-102D-44FA-B2B2-45DEB9F139E2}.Release|Any CPU.ActiveCfg = Release|Any CPU
		{D31D2673-102D-44FA-B2B2-45DEB9F139E2}.Release|Any CPU.Build.0 = Release|Any CPU
		{10A308B1-CCC6-4E83-9E60-0D4B67207DEF}.Debug|Any CPU.ActiveCfg = Debug|Any CPU
		{10A308B1-CCC6-4E83-9E60-0D4B67207DEF}.Debug|Any CPU.Build.0 = Debug|Any CPU
		{10A308B1-CCC6-4E83-9E60-0D4B67207DEF}.Release|Any CPU.ActiveCfg = Release|Any CPU
		{10A308B1-CCC6-4E83-9E60-0D4B67207DEF}.Release|Any CPU.Build.0 = Release|Any CPU
		{F859F13A-CA67-4C5B-8CFE-552E42F4D653}.Debug|Any CPU.ActiveCfg = Debug|Any CPU
		{F859F13A-CA67-4C5B-8CFE-552E42F4D653}.Debug|Any CPU.Build.0 = Debug|Any CPU
		{F859F13A-CA67-4C5B-8CFE-552E42F4D653}.Release|Any CPU.ActiveCfg = Release|Any CPU
		{F859F13A-CA67-4C5B-8CFE-552E42F4D653}.Release|Any CPU.Build.0 = Release|Any CPU
		{71152FCD-3FB5-4E58-A0B3-F1ECD4D71B44}.Debug|Any CPU.ActiveCfg = Debug|Any CPU
		{71152FCD-3FB5-4E58-A0B3-F1ECD4D71B44}.Debug|Any CPU.Build.0 = Debug|Any CPU
		{71152FCD-3FB5-4E58-A0B3-F1ECD4D71B44}.Release|Any CPU.ActiveCfg = Release|Any CPU
		{71152FCD-3FB5-4E58-A0B3-F1ECD4D71B44}.Release|Any CPU.Build.0 = Release|Any CPU
		{14BDB134-4CC4-436B-B818-124C30DFC96E}.Debug|Any CPU.ActiveCfg = Debug|Any CPU
		{14BDB134-4CC4-436B-B818-124C30DFC96E}.Debug|Any CPU.Build.0 = Debug|Any CPU
		{14BDB134-4CC4-436B-B818-124C30DFC96E}.Release|Any CPU.ActiveCfg = Release|Any CPU
		{14BDB134-4CC4-436B-B818-124C30DFC96E}.Release|Any CPU.Build.0 = Release|Any CPU
		{4F0C8D45-2F2E-4AE8-B2E3-9187996BEFA5}.Debug|Any CPU.ActiveCfg = Debug|Any CPU
		{4F0C8D45-2F2E-4AE8-B2E3-9187996BEFA5}.Debug|Any CPU.Build.0 = Debug|Any CPU
		{4F0C8D45-2F2E-4AE8-B2E3-9187996BEFA5}.Release|Any CPU.ActiveCfg = Release|Any CPU
		{4F0C8D45-2F2E-4AE8-B2E3-9187996BEFA5}.Release|Any CPU.Build.0 = Release|Any CPU
	EndGlobalSection
	GlobalSection(SolutionProperties) = preSolution
		HideSolutionNode = FALSE
	EndGlobalSection
	GlobalSection(NestedProjects) = preSolution
		{111CF313-BFFF-4180-81F4-40A8B9325A2F} = {198DF34C-6234-4718-ACD2-F43ADC18E1AD}
		{3EED428B-C4B3-40DB-B351-5A90BC375716} = {198DF34C-6234-4718-ACD2-F43ADC18E1AD}
		{A95578C9-1AA0-4015-BC52-95866794C619} = {7249EC9B-AFAC-46C3-9FAA-F079F6DBBB31}
		{3649FAE8-B3B7-4422-BF82-D8AC3C951370} = {699E2474-072D-4DDF-AF9C-D79262705D43}
		{EDEEDDF9-2B5A-4E3E-8EEB-E5E6326020F7} = {92618D82-206E-4421-9364-C8576F8AE188}
		{319471F1-3F5F-4E66-AA48-A59BC024BEF0} = {464314AF-FF7E-4F7A-982B-BCEB29FFC917}
		{C3A371D1-6CF7-473F-AF77-9FE9E50904F5} = {464314AF-FF7E-4F7A-982B-BCEB29FFC917}
		{BC8C0F31-8BC8-4389-8CED-43C5F45FE652} = {464314AF-FF7E-4F7A-982B-BCEB29FFC917}
		{67533149-4D2A-433B-A478-7DC0A6CE90A1} = {464314AF-FF7E-4F7A-982B-BCEB29FFC917}
		{1D2F121A-DDAE-41CA-9017-7A783E35C64B} = {464314AF-FF7E-4F7A-982B-BCEB29FFC917}
		{3D54241C-072F-44B4-867F-816FF3F02602} = {464314AF-FF7E-4F7A-982B-BCEB29FFC917}
		{06BD263E-FF23-4BA4-8E45-8FD5AE3FCF63} = {464314AF-FF7E-4F7A-982B-BCEB29FFC917}
		{E11CBFF2-4FC6-470A-AF6E-1CD29764AAAE} = {464314AF-FF7E-4F7A-982B-BCEB29FFC917}
		{AF1D52C0-7CEC-4492-A765-C60351F5DB11} = {464314AF-FF7E-4F7A-982B-BCEB29FFC917}
		{6E83052A-6E91-4902-A4E9-8433A1F016D3} = {464314AF-FF7E-4F7A-982B-BCEB29FFC917}
		{DF181AFB-FEC8-4085-A464-93560248EF0F} = {0350F27D-E3E4-4B8A-BF18-015696CB3275}
		{066A3887-E958-43BC-AB2C-5F8CAF18619B} = {DF181AFB-FEC8-4085-A464-93560248EF0F}
		{92E4E1E4-EADD-4996-B5B7-AC24B175D5B2} = {BBFC4685-9620-433D-8BF6-B35C975DE9CD}
		{E4BB15E9-8E95-4993-B755-6DF6054B73F4} = {B6F76D55-D7DA-4AD6-BBCF-EDEEA0549295}
		{7A7F159E-4C38-4D59-BC3B-C2107261F5C4} = {B6F76D55-D7DA-4AD6-BBCF-EDEEA0549295}
		{55BAFC8F-CEF2-4BDF-BD88-8D1D43C1F84E} = {B6F76D55-D7DA-4AD6-BBCF-EDEEA0549295}
		{B8FF9B39-DAED-49C7-98B2-11429007098B} = {B6F76D55-D7DA-4AD6-BBCF-EDEEA0549295}
		{D31D2673-102D-44FA-B2B2-45DEB9F139E2} = {B6F76D55-D7DA-4AD6-BBCF-EDEEA0549295}
		{10A308B1-CCC6-4E83-9E60-0D4B67207DEF} = {B6F76D55-D7DA-4AD6-BBCF-EDEEA0549295}
		{F859F13A-CA67-4C5B-8CFE-552E42F4D653} = {B6F76D55-D7DA-4AD6-BBCF-EDEEA0549295}
		{71152FCD-3FB5-4E58-A0B3-F1ECD4D71B44} = {B6F76D55-D7DA-4AD6-BBCF-EDEEA0549295}
		{14BDB134-4CC4-436B-B818-124C30DFC96E} = {B6F76D55-D7DA-4AD6-BBCF-EDEEA0549295}
		{4F0C8D45-2F2E-4AE8-B2E3-9187996BEFA5} = {B6F76D55-D7DA-4AD6-BBCF-EDEEA0549295}
		{A8F1FB7D-48A7-46F6-B67B-91D2067CC5C2} = {464314AF-FF7E-4F7A-982B-BCEB29FFC917}
	EndGlobalSection
	GlobalSection(ExtensibilityGlobals) = postSolution
		SolutionGuid = {C9984CEC-2FF9-48AF-9C4E-4D593ED44955}
	EndGlobalSection
EndGlobal
